
Microsoft Visual Studio Solution File, Format Version 12.00
# Visual Studio 15
VisualStudioVersion = 15.0.28307.1340
MinimumVisualStudioVersion = 10.0.40219.1
Project("{FAE04EC0-301F-11D3-BF4B-00C04F79EFBC}") = "Gerenciador de Tarefas 1", "Gerenciador de Tarefas 1\Gerenciador de Tarefas 1.csproj", "{876A227F-9916-4D1B-AED4-C7F16BCED153}"
EndProject
Global
	GlobalSection(SolutionConfigurationPlatforms) = preSolution
		Debug|Any CPU = Debug|Any CPU
		Release|Any CPU = Release|Any CPU
	EndGlobalSection
	GlobalSection(ProjectConfigurationPlatforms) = postSolution
		{876A227F-9916-4D1B-AED4-C7F16BCED153}.Debug|Any CPU.ActiveCfg = Debug|Any CPU
		{876A227F-9916-4D1B-AED4-C7F16BCED153}.Debug|Any CPU.Build.0 = Debug|Any CPU
		{876A227F-9916-4D1B-AED4-C7F16BCED153}.Release|Any CPU.ActiveCfg = Release|Any CPU
		{876A227F-9916-4D1B-AED4-C7F16BCED153}.Release|Any CPU.Build.0 = Release|Any CPU
	EndGlobalSection
	GlobalSection(SolutionProperties) = preSolution
		HideSolutionNode = FALSE
	EndGlobalSection
	GlobalSection(ExtensibilityGlobals) = postSolution
		SolutionGuid = {9482798D-8D5B-4746-AF53-5B5F5B6F64DC}
	EndGlobalSection
EndGlobal
